
Microsoft Visual Studio Solution File, Format Version 12.00
# Visual Studio 14
VisualStudioVersion = 14.0.25420.1
MinimumVisualStudioVersion = 10.0.40219.1
Project("{FAE04EC0-301F-11D3-BF4B-00C04F79EFBC}") = "PokeInfo", "PokeInfo\PokeInfo.csproj", "{9A135B08-B6AF-419B-9020-9CCAE7B5999D}"
EndProject
Project("{FAE04EC0-301F-11D3-BF4B-00C04F79EFBC}") = "Pokemon", "Pokemon\Pokemon.csproj", "{5BA6D21D-023E-4D40-A17D-30F0CCF159EC}"
EndProject
Global
	GlobalSection(SolutionConfigurationPlatforms) = preSolution
		Debug|Any CPU = Debug|Any CPU
		Release|Any CPU = Release|Any CPU
	EndGlobalSection
	GlobalSection(ProjectConfigurationPlatforms) = postSolution
		{9A135B08-B6AF-419B-9020-9CCAE7B5999D}.Debug|Any CPU.ActiveCfg = Debug|Any CPU
		{9A135B08-B6AF-419B-9020-9CCAE7B5999D}.Debug|Any CPU.Build.0 = Debug|Any CPU
		{9A135B08-B6AF-419B-9020-9CCAE7B5999D}.Release|Any CPU.ActiveCfg = Release|Any CPU
		{9A135B08-B6AF-419B-9020-9CCAE7B5999D}.Release|Any CPU.Build.0 = Release|Any CPU
		{5BA6D21D-023E-4D40-A17D-30F0CCF159EC}.Debug|Any CPU.ActiveCfg = Debug|Any CPU
		{5BA6D21D-023E-4D40-A17D-30F0CCF159EC}.Debug|Any CPU.Build.0 = Debug|Any CPU
		{5BA6D21D-023E-4D40-A17D-30F0CCF159EC}.Release|Any CPU.ActiveCfg = Release|Any CPU
		{5BA6D21D-023E-4D40-A17D-30F0CCF159EC}.Release|Any CPU.Build.0 = Release|Any CPU
	EndGlobalSection
	GlobalSection(SolutionProperties) = preSolution
		HideSolutionNode = FALSE
	EndGlobalSection
EndGlobal
